{
  "version": 4,
  "terraform_version": "1.5.7",
  "serial": 23,
  "lineage": "775b5160-f014-64ca-996e-2298b28043fd",
  "outputs": {},
  "resources": [
    {
      "module": "module.k8s-meetup",
      "mode": "managed",
      "type": "yandex_iam_service_account",
      "name": "master",
      "provider": "provider[\"registry.terraform.io/yandex-cloud/yandex\"]",
      "instances": [
        {
          "schema_version": 0,
          "attributes": {
            "created_at": "2024-12-08T05:47:30Z",
            "description": "Service account to be used for provisioning Compute Cloud and VPC resources for Kubernetes cluster",
            "folder_id": "ao7evm70glo24ho1gqsv",
            "id": "b2bn1hn8s8785cqfolma",
            "name": "exam-test-kubernetes-master",
            "timeouts": null
          },
          "sensitive_attributes": [],
          "private": "eyJlMmJmYjczMC1lY2FhLTExZTYtOGY4OC0zNDM2M2JjN2M0YzAiOnsiY3JlYXRlIjo2MDAwMDAwMDAwMCwiZGVsZXRlIjo2MDAwMDAwMDAwMCwidXBkYXRlIjo2MDAwMDAwMDAwMH19"
        }
      ]
    },
    {
      "module": "module.k8s-meetup",
      "mode": "managed",
      "type": "yandex_iam_service_account",
      "name": "node",
      "provider": "provider[\"registry.terraform.io/yandex-cloud/yandex\"]",
      "instances": [
        {
          "schema_version": 0,
          "attributes": {
            "created_at": "2024-12-08T05:47:28Z",
            "description": "Service account to be used by the worker nodes of the Kubernetes cluster to access Container Registry or to push node logs and metrics",
            "folder_id": "ao7evm70glo24ho1gqsv",
            "id": "b2b2ms9ojk2e5b5vm5si",
            "name": "exam-test-kubernetes-node",
            "timeouts": null
          },
          "sensitive_attributes": [],
          "private": "eyJlMmJmYjczMC1lY2FhLTExZTYtOGY4OC0zNDM2M2JjN2M0YzAiOnsiY3JlYXRlIjo2MDAwMDAwMDAwMCwiZGVsZXRlIjo2MDAwMDAwMDAwMCwidXBkYXRlIjo2MDAwMDAwMDAwMH19"
        }
      ]
    },
    {
      "module": "module.k8s-meetup",
      "mode": "managed",
      "type": "yandex_kubernetes_cluster",
      "name": "this",
      "provider": "provider[\"registry.terraform.io/yandex-cloud/yandex\"]",
      "instances": [
        {
          "schema_version": 0,
          "attributes": {
            "cluster_ipv4_range": "10.100.0.0/16",
            "cluster_ipv6_range": "",
            "created_at": "2024-12-08T05:47:34Z",
            "description": "exam-test-kubernetes cluster",
            "folder_id": "ao7evm70glo24ho1gqsv",
            "health": "healthy",
            "id": "b87591kod44q3uubji8p",
            "kms_provider": [],
            "labels": {
              "env": "test",
              "managed-by": "terraform",
              "name": "exam-test-kubernetes",
              "project": "exam"
            },
            "log_group_id": "",
            "master": [
              {
                "cluster_ca_certificate": "-----BEGIN CERTIFICATE-----\nMIIC5zCCAc+gAwIBAgIBADANBgkqhkiG9w0BAQsFADAVMRMwEQYDVQQDEwprdWJl\ncm5ldGVzMB4XDTI0MTIwODA1NDczNVoXDTM0MTIwNjA1NDczNVowFTETMBEGA1UE\nAxMKa3ViZXJuZXRlczCCASIwDQYJKoZIhvcNAQEBBQADggEPADCCAQoCggEBAOwb\nkLN0I8W6GIp3tto+wk35Xm1Oc+DkqtgDyRxJqsReR0hHsjzZcn8lt8/yYeU28pFz\nYY0xgtymJkO6sMLJ6htix8ixvKuwkoYhx2tfxhPsRLlBorflHJCr2k/g/A+e5f0r\nA7fn4unIH+NeBpmM9nmjwvbmLmUfpBcwI9n9iE1dYJYrkhYCBaH2b7z5piJFxe2p\nUm1h8YjcwwCAiIzUeZuqJofiUpLsU1KkmvkxcKGIA6KGhukvJtANSoGtnCVQeov8\n2yKLYQwFMCP6oEmbyE0B6Sq2MPCClDfEY+Vx2c3w036V39d56TuNOMZFWHiSXtNf\nNk/IXjjE0UNRXgWWqE0CAwEAAaNCMEAwDgYDVR0PAQH/BAQDAgKkMA8GA1UdEwEB\n/wQFMAMBAf8wHQYDVR0OBBYEFBLxJbnBq4A2BrH4pkhC7WYAssIsMA0GCSqGSIb3\nDQEBCwUAA4IBAQCGqzSr6hyiv5Vj7G7zocmHz6T7TVyC0QYQigSUro3I7wkBLPjX\nxGL0/rVQpIsDqRTS69bkjMqU3rUTXO/8bUlnk+PYQpjfGfG33DV5BvFh+H9x+BHN\nwgfhRLjm8kw3JTKCKKERihp2jzLSYDjFc1WAoPZl638Vj7wzEtM6L7gdxAdlysIr\nRkQp6eRlT12IdYdkCNBBPLcBU+tCK3PS4vq+mEaplLoIukUZFA2I/fmikbrJyneC\nNUy2v0mceT2Hr2xaW1jBLGErgNNvuTYKf3lLmB6q5r38jB2zrRv39QX6mPm2Ph2S\naX7n8hcCevUS/vz+LklLshsJXYMvtmHOkuSh\n-----END CERTIFICATE-----\n",
                "etcd_cluster_size": 1,
                "external_v4_address": "5.35.108.68",
                "external_v4_endpoint": "https://5.35.108.68",
                "external_v6_address": "",
                "external_v6_endpoint": "",
                "internal_v4_address": "10.128.0.21",
                "internal_v4_endpoint": "https://10.128.0.21",
                "maintenance_policy": [
                  {
                    "auto_upgrade": true,
                    "maintenance_window": [
                      {
                        "day": "",
                        "duration": "3h",
                        "start_time": "1:00"
                      }
                    ]
                  }
                ],
                "master_location": [
                  {
                    "subnet_id": "ad14dd7adni3q3ld84qt",
                    "zone": "kz1-a"
                  }
                ],
                "master_logging": [],
                "public_ip": true,
                "regional": [],
                "security_group_ids": null,
                "version": "1.30",
                "version_info": [
                  {
                    "current_version": "1.30",
                    "new_revision_available": false,
                    "new_revision_summary": "",
                    "version_deprecated": false
                  }
                ],
                "zonal": [
                  {
                    "subnet_id": "ad14dd7adni3q3ld84qt",
                    "zone": "kz1-a"
                  }
                ]
              }
            ],
            "name": "exam-test-kubernetes",
            "network_id": "dbpnscamtap4rumqbib6",
            "network_implementation": [],
            "network_policy_provider": "CALICO",
            "node_ipv4_cidr_mask_size": 24,
            "node_service_account_id": "b2b2ms9ojk2e5b5vm5si",
            "release_channel": "STABLE",
            "service_account_id": "b2bn1hn8s8785cqfolma",
            "service_ipv4_range": "10.110.0.0/16",
            "service_ipv6_range": "",
            "status": "running",
            "timeouts": null
          },
          "sensitive_attributes": [],
          "private": "eyJlMmJmYjczMC1lY2FhLTExZTYtOGY4OC0zNDM2M2JjN2M0YzAiOnsiY3JlYXRlIjoxODAwMDAwMDAwMDAwLCJkZWxldGUiOjEyMDAwMDAwMDAwMDAsInJlYWQiOjMwMDAwMDAwMDAwMCwidXBkYXRlIjoxODAwMDAwMDAwMDAwfX0=",
          "dependencies": [
            "module.k8s-meetup.yandex_iam_service_account.master",
            "module.k8s-meetup.yandex_iam_service_account.node",
            "module.k8s-meetup.yandex_kms_symmetric_key.k8s-kms-key",
            "module.k8s-meetup.yandex_resourcemanager_folder_iam_member.k8s-master",
            "module.k8s-meetup.yandex_resourcemanager_folder_iam_member.k8s-node"
          ]
        }
      ]
    },
    {
      "module": "module.k8s-meetup",
      "mode": "managed",
      "type": "yandex_kubernetes_node_group",
      "name": "this",
      "provider": "provider[\"registry.terraform.io/yandex-cloud/yandex\"]",
      "instances": [
        {
          "index_key": "zone-a",
          "schema_version": 0,
          "attributes": {
            "allocation_policy": [
              {
                "location": [
                  {
                    "subnet_id": "ad14dd7adni3q3ld84qt",
                    "zone": "kz1-a"
                  }
                ]
              }
            ],
            "allowed_unsafe_sysctls": null,
            "cluster_id": "b87591kod44q3uubji8p",
            "created_at": "2024-12-08T05:55:07Z",
            "deploy_policy": [
              {
                "max_expansion": 3,
                "max_unavailable": 0
              }
            ],
            "description": "Default workload node group (zone a)",
            "id": "b87h5cq644unknfcmtqt",
            "instance_group_id": "dirl9gqaov09u6cms6dq",
            "instance_template": [
              {
                "boot_disk": [
                  {
                    "size": 64,
                    "type": "network-ssd"
                  }
                ],
                "container_network": [
                  {
                    "pod_mtu": 0
                  }
                ],
                "container_runtime": [],
                "gpu_settings": [],
                "labels": null,
                "metadata": {
                  "ssh-keys": "ubuntu:ssh-rsa AAAAB3NzaC1yc2EAAAADAQABAAACAQDJ6IesRtNExhKH+J8K2B1jxhLhrne3Wo9xKoh7rIODgLt4zS1pBZHyvW9nUr84rWEwwjlKxEmzhANjw53C/CJhWADL/dubcZSk9yMk3Eo4QYnwEr03ZoXFlyiz59qYt/eJHEqu7crFBQ/oTD1GrHZyCzyNsAkBLc3Eqyo2FRkjOmnQ7KwE3Je0j1YWv+ldYLnaoSQqNReoBf+Mkxm4GNmK5sXK+e5173XTwJAzUIuCPsqUGA8+pCbJSm+KPMX4sauCKBFlYsQzK4DXmOp4byynARqqJ5xCriTzsW4NS8Nx1a8/pYfXjWdkkmE8fs3rpG67D9KkMT+n4HeCJZLcR1jrdZX0Text7Zwla0XgxRwsKvWOaBJpxWUmryWlwEdDTOQFytTw+znyaY9xo7CYuw50v5JDF6zPgrk3on2R7qYnx7WGLPUY6h+YzlqCy4DAsX5eRr94C0OAq5pp3w0zsIZQZht5v/1Y/W+u3aX+xRGjsz5KLLQyziVjrw+hyYGG2tW1eO0SpDm/UnrV53PYTtC0st4U9ibO4mMvDRIHEzLP+pz4jJvfbTKVuX1xG8vc5aYL3LBWaMRd7cGRJJoZUI1TpmVETa/PdLOWuSV5BWgpdi7pUW0nbGBLypX+0Xa5pRtsgTVZ7YSHKOpNngMAlLmimtwLIgjcFwQVqgCa25yJUQ== ikondratyev@MacBook-Air-Ivan-2.local"
                },
                "name": "",
                "nat": false,
                "network_acceleration_type": "type_unspecified",
                "network_interface": [
                  {
                    "ipv4": true,
                    "ipv4_dns_records": [],
                    "ipv6": false,
                    "ipv6_dns_records": [],
                    "nat": false,
                    "security_group_ids": null,
                    "subnet_ids": [
                      "ad14dd7adni3q3ld84qt"
                    ]
                  }
                ],
                "placement_policy": [],
                "platform_id": "standard-v3",
                "resources": [
                  {
                    "core_fraction": 100,
                    "cores": 4,
                    "gpus": 0,
                    "memory": 8
                  }
                ],
                "scheduling_policy": [
                  {
                    "preemptible": false
                  }
                ]
              }
            ],
            "labels": {
              "env": "test",
              "managed-by": "terraform",
              "name": "exam-test-kubernetes",
              "project": "exam"
            },
            "maintenance_policy": [
              {
                "auto_repair": true,
                "auto_upgrade": true,
                "maintenance_window": [
                  {
                    "day": "sunday",
                    "duration": "3h",
                    "start_time": "2:00"
                  }
                ]
              }
            ],
            "name": "exam-test-kubernetes-zone-a",
            "node_labels": null,
            "node_taints": [],
            "scale_policy": [
              {
                "auto_scale": [],
                "fixed_scale": [
                  {
                    "size": 1
                  }
                ]
              }
            ],
            "status": "running",
            "timeouts": null,
            "version": "1.30",
            "version_info": [
              {
                "current_version": "1.30",
                "new_revision_available": false,
                "new_revision_summary": "",
                "version_deprecated": false
              }
            ]
          },
          "sensitive_attributes": [],
          "private": "eyJlMmJmYjczMC1lY2FhLTExZTYtOGY4OC0zNDM2M2JjN2M0YzAiOnsiY3JlYXRlIjozNjAwMDAwMDAwMDAwLCJkZWxldGUiOjEyMDAwMDAwMDAwMDAsInJlYWQiOjYwMDAwMDAwMDAwMCwidXBkYXRlIjozNjAwMDAwMDAwMDAwfX0=",
          "dependencies": [
            "module.k8s-meetup.yandex_iam_service_account.master",
            "module.k8s-meetup.yandex_iam_service_account.node",
            "module.k8s-meetup.yandex_kms_symmetric_key.k8s-kms-key",
            "module.k8s-meetup.yandex_kubernetes_cluster.this",
            "module.k8s-meetup.yandex_resourcemanager_folder_iam_member.k8s-master",
            "module.k8s-meetup.yandex_resourcemanager_folder_iam_member.k8s-node"
          ]
        }
      ]
    },
    {
      "module": "module.k8s-meetup",
      "mode": "managed",
      "type": "yandex_resourcemanager_folder_iam_member",
      "name": "k8s-master",
      "provider": "provider[\"registry.terraform.io/yandex-cloud/yandex\"]",
      "instances": [
        {
          "schema_version": 0,
          "attributes": {
            "folder_id": "ao7evm70glo24ho1gqsv",
            "id": "ao7evm70glo24ho1gqsv/editor/serviceAccount:b2bn1hn8s8785cqfolma",
            "member": "serviceAccount:b2bn1hn8s8785cqfolma",
            "role": "editor",
            "sleep_after": null,
            "timeouts": null
          },
          "sensitive_attributes": [],
          "private": "eyJlMmJmYjczMC1lY2FhLTExZTYtOGY4OC0zNDM2M2JjN2M0YzAiOnsiY3JlYXRlIjo2MDAwMDAwMDAwMCwiZGVmYXVsdCI6NjAwMDAwMDAwMDAsImRlbGV0ZSI6NjAwMDAwMDAwMDAsInJlYWQiOjYwMDAwMDAwMDAwLCJ1cGRhdGUiOjYwMDAwMDAwMDAwfX0=",
          "dependencies": [
            "module.k8s-meetup.yandex_iam_service_account.master"
          ]
        }
      ]
    },
    {
      "module": "module.k8s-meetup",
      "mode": "managed",
      "type": "yandex_resourcemanager_folder_iam_member",
      "name": "k8s-node",
      "provider": "provider[\"registry.terraform.io/yandex-cloud/yandex\"]",
      "instances": [
        {
          "schema_version": 0,
          "attributes": {
            "folder_id": "ao7evm70glo24ho1gqsv",
            "id": "ao7evm70glo24ho1gqsv/container-registry.images.puller/serviceAccount:b2b2ms9ojk2e5b5vm5si",
            "member": "serviceAccount:b2b2ms9ojk2e5b5vm5si",
            "role": "container-registry.images.puller",
            "sleep_after": null,
            "timeouts": null
          },
          "sensitive_attributes": [],
          "private": "eyJlMmJmYjczMC1lY2FhLTExZTYtOGY4OC0zNDM2M2JjN2M0YzAiOnsiY3JlYXRlIjo2MDAwMDAwMDAwMCwiZGVmYXVsdCI6NjAwMDAwMDAwMDAsImRlbGV0ZSI6NjAwMDAwMDAwMDAsInJlYWQiOjYwMDAwMDAwMDAwLCJ1cGRhdGUiOjYwMDAwMDAwMDAwfX0=",
          "dependencies": [
            "module.k8s-meetup.yandex_iam_service_account.node"
          ]
        }
      ]
    }
  ],
  "check_results": null
}
